{
    "name": "techysavvy-ui",
    "lockfileVersion": 3,
    "requires": true,
    "packages": {
        "": {
            "name": "techysavvy-ui",
            "dependencies": {
                "alpinejs": "^3.17.1"
            }
        },
        "node_modules/@vue/reactivity": {
            "version": "3.5.42",
            "resolved": "https://registry.npmjs.org/@vue/reactivity/-/reactivity-3.5.42.tgz",
            "integrity": "sha512-TzNNfKpb7hDxbQltwAut8VDQA5YP+BuRlxntHUuRjyKwlMvmAPbs3unhCvieijifY6vFfVBwsS7wG/C7uq+bEQ==",
            "license": "MIT",
            "dependencies": {
                "@vue/shared": "3.5.42"
            }
        },
        "node_modules/@vue/shared": {
            "version": "3.5.42",
            "resolved": "https://registry.npmjs.org/@vue/shared/-/shared-3.5.42.tgz",
            "integrity": "sha512-2rPxex1jQf4jvl9MOHl6YaXCPcrNqz/FstMOEh3QWY+/OME9nQTvl9WYeCwhW7AFjaR0SnngZGlp/wkR6rkI6g==",
            "license": "MIT"
        },
        "node_modules/alpinejs": {
            "version": "3.17.1",
            "resolved": "https://registry.npmjs.org/alpinejs/-/alpinejs-3.17.1.tgz",
            "integrity": "sha512-HDUhA9juSA/pNYZ5FAAlW4qNsdeVORFSVONEIu0hVasqCOqLitf15R9tCr5GBCV0ZxiZW2Qx6BYdMSF7iGLT/Q==",
            "license": "MIT",
            "dependencies": {
                "@vue/reactivity": "~3.5.40"
            }
        }
    }
}
